
Microsoft Visual Studio Solution File, Format Version 12.00
# Visual Studio Version 16
VisualStudioVersion = 16.0.33529.622
MinimumVisualStudioVersion = 10.0.40219.1
Project("{FAE04EC0-301F-11D3-BF4B-00C04F79EFBC}") = "APP-VAC-PNI", "APP-VAC-PNI\APP-VAC-PNI.csproj", "{947C76A5-F812-4A87-B330-4384D7DC4206}"
EndProject
Global
	GlobalSection(SolutionConfigurationPlatforms) = preSolution
		Debug|Any CPU = Debug|Any CPU
		Release|Any CPU = Release|Any CPU
	EndGlobalSection
	GlobalSection(ProjectConfigurationPlatforms) = postSolution
		{947C76A5-F812-4A87-B330-4384D7DC4206}.Debug|Any CPU.ActiveCfg = Debug|Any CPU
		{947C76A5-F812-4A87-B330-4384D7DC4206}.Debug|Any CPU.Build.0 = Debug|Any CPU
		{947C76A5-F812-4A87-B330-4384D7DC4206}.Release|Any CPU.ActiveCfg = Release|Any CPU
		{947C76A5-F812-4A87-B330-4384D7DC4206}.Release|Any CPU.Build.0 = Release|Any CPU
	EndGlobalSection
	GlobalSection(SolutionProperties) = preSolution
		HideSolutionNode = FALSE
	EndGlobalSection
	GlobalSection(ExtensibilityGlobals) = postSolution
		SolutionGuid = {26645806-236F-485D-9184-74A27EB2DC10}
	EndGlobalSection
EndGlobal
